
Microsoft Visual Studio Solution File, Format Version 12.00
# Visual Studio Version 17
VisualStudioVersion = 17.1.32210.238
MinimumVisualStudioVersion = 10.0.40219.1
Project("{9A19103F-16F7-4668-BE54-9A1E7A4F7556}") = "Core", "Core\Core.csproj", "{5E60FAE2-846D-4381-A8D6-13171B73C866}"
EndProject
Project("{9A19103F-16F7-4668-BE54-9A1E7A4F7556}") = "Entities", "Entities\Entities.csproj", "{71D49721-6CC0-4A39-96FA-57D35975DFDA}"
EndProject
Project("{9A19103F-16F7-4668-BE54-9A1E7A4F7556}") = "DataAccess", "DataAccess\DataAccess.csproj", "{3B815E4C-1052-4200-B547-C956CDFAEA53}"
EndProject
Project("{9A19103F-16F7-4668-BE54-9A1E7A4F7556}") = "Business", "Business\Business.csproj", "{0AE9FB93-FE7B-427D-AC6A-02E2F7B12FAF}"
EndProject
Project("{9A19103F-16F7-4668-BE54-9A1E7A4F7556}") = "WebAPI", "WebAPI\WebAPI.csproj", "{0E4DF538-81C0-4E98-BE12-BBE705F9D21A}"
EndProject
Project("{FAE04EC0-301F-11D3-BF4B-00C04F79EFBC}") = "MVCUI", "MVCUI\MVCUI.csproj", "{7975B25D-5201-4F35-A798-632B49EABA7F}"
EndProject
Global
	GlobalSection(SolutionConfigurationPlatforms) = preSolution
		Debug|Any CPU = Debug|Any CPU
		Release|Any CPU = Release|Any CPU
	EndGlobalSection
	GlobalSection(ProjectConfigurationPlatforms) = postSolution
		{5E60FAE2-846D-4381-A8D6-13171B73C866}.Debug|Any CPU.ActiveCfg = Debug|Any CPU
		{5E60FAE2-846D-4381-A8D6-13171B73C866}.Debug|Any CPU.Build.0 = Debug|Any CPU
		{5E60FAE2-846D-4381-A8D6-13171B73C866}.Release|Any CPU.ActiveCfg = Release|Any CPU
		{5E60FAE2-846D-4381-A8D6-13171B73C866}.Release|Any CPU.Build.0 = Release|Any CPU
		{71D49721-6CC0-4A39-96FA-57D35975DFDA}.Debug|Any CPU.ActiveCfg = Debug|Any CPU
		{71D49721-6CC0-4A39-96FA-57D35975DFDA}.Debug|Any CPU.Build.0 = Debug|Any CPU
		{71D49721-6CC0-4A39-96FA-57D35975DFDA}.Release|Any CPU.ActiveCfg = Release|Any CPU
		{71D49721-6CC0-4A39-96FA-57D35975DFDA}.Release|Any CPU.Build.0 = Release|Any CPU
		{3B815E4C-1052-4200-B547-C956CDFAEA53}.Debug|Any CPU.ActiveCfg = Debug|Any CPU
		{3B815E4C-1052-4200-B547-C956CDFAEA53}.Debug|Any CPU.Build.0 = Debug|Any CPU
		{3B815E4C-1052-4200-B547-C956CDFAEA53}.Release|Any CPU.ActiveCfg = Release|Any CPU
		{3B815E4C-1052-4200-B547-C956CDFAEA53}.Release|Any CPU.Build.0 = Release|Any CPU
		{0AE9FB93-FE7B-427D-AC6A-02E2F7B12FAF}.Debug|Any CPU.ActiveCfg = Debug|Any CPU
		{0AE9FB93-FE7B-427D-AC6A-02E2F7B12FAF}.Debug|Any CPU.Build.0 = Debug|Any CPU
		{0AE9FB93-FE7B-427D-AC6A-02E2F7B12FAF}.Release|Any CPU.ActiveCfg = Release|Any CPU
		{0AE9FB93-FE7B-427D-AC6A-02E2F7B12FAF}.Release|Any CPU.Build.0 = Release|Any CPU
		{0E4DF538-81C0-4E98-BE12-BBE705F9D21A}.Debug|Any CPU.ActiveCfg = Debug|Any CPU
		{0E4DF538-81C0-4E98-BE12-BBE705F9D21A}.Debug|Any CPU.Build.0 = Debug|Any CPU
		{0E4DF538-81C0-4E98-BE12-BBE705F9D21A}.Release|Any CPU.ActiveCfg = Release|Any CPU
		{0E4DF538-81C0-4E98-BE12-BBE705F9D21A}.Release|Any CPU.Build.0 = Release|Any CPU
		{7975B25D-5201-4F35-A798-632B49EABA7F}.Debug|Any CPU.ActiveCfg = Debug|Any CPU
		{7975B25D-5201-4F35-A798-632B49EABA7F}.Debug|Any CPU.Build.0 = Debug|Any CPU
		{7975B25D-5201-4F35-A798-632B49EABA7F}.Release|Any CPU.ActiveCfg = Release|Any CPU
		{7975B25D-5201-4F35-A798-632B49EABA7F}.Release|Any CPU.Build.0 = Release|Any CPU
	EndGlobalSection
	GlobalSection(SolutionProperties) = preSolution
		HideSolutionNode = FALSE
	EndGlobalSection
	GlobalSection(ExtensibilityGlobals) = postSolution
		SolutionGuid = {3F2570A7-C2C0-492A-975D-34A0FD3753F7}
	EndGlobalSection
EndGlobal
